
Microsoft Visual Studio Solution File, Format Version 12.00
# Visual Studio Version 16
VisualStudioVersion = 16.0.28729.10
MinimumVisualStudioVersion = 10.0.40219.1
Project("{FAE04EC0-301F-11D3-BF4B-00C04F79EFBC}") = "ActivoFijoApp", "ActivoFijoApp\ActivoFijoApp.csproj", "{EE5336E2-7015-4EB8-9331-1B68F09287E2}"
EndProject
Project("{FAE04EC0-301F-11D3-BF4B-00C04F79EFBC}") = "Domain", "Domain\Domain.csproj", "{A81EAC54-6F2C-4F44-9F46-ED1AD2A30B3F}"
EndProject
Project("{FAE04EC0-301F-11D3-BF4B-00C04F79EFBC}") = "Infraestructura", "Infraestructura\Infraestructura.csproj", "{48E584A9-E09E-4459-BDA3-34AE2A449844}"
EndProject
Project("{FAE04EC0-301F-11D3-BF4B-00C04F79EFBC}") = "AppCore", "AppCore\AppCore.csproj", "{2286ADEA-9E20-4420-98DB-F46D400AED02}"
EndProject
Global
	GlobalSection(SolutionConfigurationPlatforms) = preSolution
		Debug|Any CPU = Debug|Any CPU
		Release|Any CPU = Release|Any CPU
	EndGlobalSection
	GlobalSection(ProjectConfigurationPlatforms) = postSolution
		{EE5336E2-7015-4EB8-9331-1B68F09287E2}.Debug|Any CPU.ActiveCfg = Debug|Any CPU
		{EE5336E2-7015-4EB8-9331-1B68F09287E2}.Debug|Any CPU.Build.0 = Debug|Any CPU
		{EE5336E2-7015-4EB8-9331-1B68F09287E2}.Release|Any CPU.ActiveCfg = Release|Any CPU
		{EE5336E2-7015-4EB8-9331-1B68F09287E2}.Release|Any CPU.Build.0 = Release|Any CPU
		{A81EAC54-6F2C-4F44-9F46-ED1AD2A30B3F}.Debug|Any CPU.ActiveCfg = Debug|Any CPU
		{A81EAC54-6F2C-4F44-9F46-ED1AD2A30B3F}.Debug|Any CPU.Build.0 = Debug|Any CPU
		{A81EAC54-6F2C-4F44-9F46-ED1AD2A30B3F}.Release|Any CPU.ActiveCfg = Release|Any CPU
		{A81EAC54-6F2C-4F44-9F46-ED1AD2A30B3F}.Release|Any CPU.Build.0 = Release|Any CPU
		{48E584A9-E09E-4459-BDA3-34AE2A449844}.Debug|Any CPU.ActiveCfg = Debug|Any CPU
		{48E584A9-E09E-4459-BDA3-34AE2A449844}.Debug|Any CPU.Build.0 = Debug|Any CPU
		{48E584A9-E09E-4459-BDA3-34AE2A449844}.Release|Any CPU.ActiveCfg = Release|Any CPU
		{48E584A9-E09E-4459-BDA3-34AE2A449844}.Release|Any CPU.Build.0 = Release|Any CPU
		{2286ADEA-9E20-4420-98DB-F46D400AED02}.Debug|Any CPU.ActiveCfg = Debug|Any CPU
		{2286ADEA-9E20-4420-98DB-F46D400AED02}.Debug|Any CPU.Build.0 = Debug|Any CPU
		{2286ADEA-9E20-4420-98DB-F46D400AED02}.Release|Any CPU.ActiveCfg = Release|Any CPU
		{2286ADEA-9E20-4420-98DB-F46D400AED02}.Release|Any CPU.Build.0 = Release|Any CPU
	EndGlobalSection
	GlobalSection(SolutionProperties) = preSolution
		HideSolutionNode = FALSE
	EndGlobalSection
	GlobalSection(ExtensibilityGlobals) = postSolution
		SolutionGuid = {F779C153-7429-4A3C-8F47-4F1F486937E3}
	EndGlobalSection
EndGlobal
